
Microsoft Visual Studio Solution File, Format Version 12.00
# Visual Studio Version 16
VisualStudioVersion = 16.0.32126.315
MinimumVisualStudioVersion = 10.0.40219.1
Project("{FAE04EC0-301F-11D3-BF4B-00C04F79EFBC}") = "SportsStore", "SportsStore.csproj", "{3820B323-C6E7-4D2C-9D15-871637441DBE}"
EndProject
Project("{FAE04EC0-301F-11D3-BF4B-00C04F79EFBC}") = "SportsStore.Tests", "..\SportsStore.Tests\SportsStore.Tests.csproj", "{EE5FF80B-0CB3-4528-B668-5C639BBE68F6}"
EndProject
Global
	GlobalSection(SolutionConfigurationPlatforms) = preSolution
		Debug|Any CPU = Debug|Any CPU
		Release|Any CPU = Release|Any CPU
	EndGlobalSection
	GlobalSection(ProjectConfigurationPlatforms) = postSolution
		{3820B323-C6E7-4D2C-9D15-871637441DBE}.Debug|Any CPU.ActiveCfg = Debug|Any CPU
		{3820B323-C6E7-4D2C-9D15-871637441DBE}.Debug|Any CPU.Build.0 = Debug|Any CPU
		{3820B323-C6E7-4D2C-9D15-871637441DBE}.Release|Any CPU.ActiveCfg = Release|Any CPU
		{3820B323-C6E7-4D2C-9D15-871637441DBE}.Release|Any CPU.Build.0 = Release|Any CPU
		{EE5FF80B-0CB3-4528-B668-5C639BBE68F6}.Debug|Any CPU.ActiveCfg = Debug|Any CPU
		{EE5FF80B-0CB3-4528-B668-5C639BBE68F6}.Debug|Any CPU.Build.0 = Debug|Any CPU
		{EE5FF80B-0CB3-4528-B668-5C639BBE68F6}.Release|Any CPU.ActiveCfg = Release|Any CPU
		{EE5FF80B-0CB3-4528-B668-5C639BBE68F6}.Release|Any CPU.Build.0 = Release|Any CPU
	EndGlobalSection
	GlobalSection(SolutionProperties) = preSolution
		HideSolutionNode = FALSE
	EndGlobalSection
	GlobalSection(ExtensibilityGlobals) = postSolution
		SolutionGuid = {55981C1C-085E-47AA-BB23-E98F6CC7E2DE}
	EndGlobalSection
EndGlobal
